// !$*UTF8*$!
{
	archiveVersion = 1;
	classes = {
	};
	objectVersion = 55;
	objects = {

/* Begin PBXBuildFile section */
		355A5BAC28BDCC5D00905348 /* Sqlite.db in Resources */ = {isa = PBXBuildFile; fileRef = 355A5BAB28BDCC5C00905348 /* Sqlite.db */; };
		355A5BBA28BDCEFC00905348 /* FMDatabase.m in Sources */ = {isa = PBXBuildFile; fileRef = 355A5BB228BDCEFC00905348 /* FMDatabase.m */; };
		355A5BBB28BDCEFC00905348 /* FMDatabasePool.m in Sources */ = {isa = PBXBuildFile; fileRef = 355A5BB428BDCEFC00905348 /* FMDatabasePool.m */; };
		355A5BBC28BDCEFC00905348 /* FMDatabaseQueue.m in Sources */ = {isa = PBXBuildFile; fileRef = 355A5BB528BDCEFC00905348 /* FMDatabaseQueue.m */; };
		355A5BBD28BDCEFC00905348 /* FMResultSet.m in Sources */ = {isa = PBXBuildFile; fileRef = 355A5BB628BDCEFC00905348 /* FMResultSet.m */; };
		355A5BBE28BDCEFC00905348 /* FMDatabaseAdditions.m in Sources */ = {isa = PBXBuildFile; fileRef = 355A5BB728BDCEFC00905348 /* FMDatabaseAdditions.m */; };
		355A5BC028BDCF6C00905348 /* Util.swift in Sources */ = {isa = PBXBuildFile; fileRef = 355A5BBF28BDCF6C00905348 /* Util.swift */; };
		355A5BC228BDE2EC00905348 /* UserModel.swift in Sources */ = {isa = PBXBuildFile; fileRef = 355A5BC128BDE2EC00905348 /* UserModel.swift */; };
		355A5BC428BDE46900905348 /* ModelManager.swift in Sources */ = {isa = PBXBuildFile; fileRef = 355A5BC328BDE46900905348 /* ModelManager.swift */; };
		3561C71B28BCBE0000CFE2A3 /* AppDelegate.swift in Sources */ = {isa = PBXBuildFile; fileRef = 3561C71A28BCBE0000CFE2A3 /* AppDelegate.swift */; };
		3561C71D28BCBE0000CFE2A3 /* SceneDelegate.swift in Sources */ = {isa = PBXBuildFile; fileRef = 3561C71C28BCBE0000CFE2A3 /* SceneDelegate.swift */; };
		3561C71F28BCBE0000CFE2A3 /* UsersFormVC.swift in Sources */ = {isa = PBXBuildFile; fileRef = 3561C71E28BCBE0000CFE2A3 /* UsersFormVC.swift */; };
		3561C72228BCBE0000CFE2A3 /* Main.storyboard in Resources */ = {isa = PBXBuildFile; fileRef = 3561C72028BCBE0000CFE2A3 /* Main.storyboard */; };
		3561C72428BCBE0300CFE2A3 /* Assets.xcassets in Resources */ = {isa = PBXBuildFile; fileRef = 3561C72328BCBE0300CFE2A3 /* Assets.xcassets */; };
		3561C72728BCBE0300CFE2A3 /* LaunchScreen.storyboard in Resources */ = {isa = PBXBuildFile; fileRef = 3561C72528BCBE0300CFE2A3 /* LaunchScreen.storyboard */; };
		3561C72F28BCC23300CFE2A3 /* AddUserVC.swift in Sources */ = {isa = PBXBuildFile; fileRef = 3561C72E28BCC23300CFE2A3 /* AddUserVC.swift */; };
		3561C73128BCCAB000CFE2A3 /* UsersFormCell.swift in Sources */ = {isa = PBXBuildFile; fileRef = 3561C73028BCCAB000CFE2A3 /* UsersFormCell.swift */; };
/* End PBXBuildFile section */

/* Begin PBXFileReference section */
		355A5BAB28BDCC5C00905348 /* Sqlite.db */ = {isa = PBXFileReference; lastKnownFileType = file; path = Sqlite.db; sourceTree = SOURCE_ROOT; };
		355A5BAE28BDCEFB00905348 /* UsersForm8Sqlite-Bridging-Header.h */ = {isa = PBXFileReference; lastKnownFileType = sourcecode.c.h; path = "UsersForm8Sqlite-Bridging-Header.h"; sourceTree = "<group>"; };
		355A5BAF28BDCEFC00905348 /* FMDatabasePool.h */ = {isa = PBXFileReference; fileEncoding = 4; lastKnownFileType = sourcecode.c.h; path = FMDatabasePool.h; sourceTree = "<group>"; };
		355A5BB028BDCEFC00905348 /* FMDatabaseQueue.h */ = {isa = PBXFileReference; fileEncoding = 4; lastKnownFileType = sourcecode.c.h; path = FMDatabaseQueue.h; sourceTree = "<group>"; };
		355A5BB128BDCEFC00905348 /* FMDatabase.h */ = {isa = PBXFileReference; fileEncoding = 4; lastKnownFileType = sourcecode.c.h; path = FMDatabase.h; sourceTree = "<group>"; };
		355A5BB228BDCEFC00905348 /* FMDatabase.m */ = {isa = PBXFileReference; fileEncoding = 4; lastKnownFileType = sourcecode.c.objc; path = FMDatabase.m; sourceTree = "<group>"; };
		355A5BB328BDCEFC00905348 /* FMResultSet.h */ = {isa = PBXFileReference; fileEncoding = 4; lastKnownFileType = sourcecode.c.h; path = FMResultSet.h; sourceTree = "<group>"; };
		355A5BB428BDCEFC00905348 /* FMDatabasePool.m */ = {isa = PBXFileReference; fileEncoding = 4; lastKnownFileType = sourcecode.c.objc; path = FMDatabasePool.m; sourceTree = "<group>"; };
		355A5BB528BDCEFC00905348 /* FMDatabaseQueue.m */ = {isa = PBXFileReference; fileEncoding = 4; lastKnownFileType = sourcecode.c.objc; path = FMDatabaseQueue.m; sourceTree = "<group>"; };
		355A5BB628BDCEFC00905348 /* FMResultSet.m */ = {isa = PBXFileReference; fileEncoding = 4; lastKnownFileType = sourcecode.c.objc; path = FMResultSet.m; sourceTree = "<group>"; };
		355A5BB728BDCEFC00905348 /* FMDatabaseAdditions.m */ = {isa = PBXFileReference; fileEncoding = 4; lastKnownFileType = sourcecode.c.objc; path = FMDatabaseAdditions.m; sourceTree = "<group>"; };
		355A5BB828BDCEFC00905348 /* FMDB.h */ = {isa = PBXFileReference; fileEncoding = 4; lastKnownFileType = sourcecode.c.h; path = FMDB.h; sourceTree = "<group>"; };
		355A5BB928BDCEFC00905348 /* FMDatabaseAdditions.h */ = {isa = PBXFileReference; fileEncoding = 4; lastKnownFileType = sourcecode.c.h; path = FMDatabaseAdditions.h; sourceTree = "<group>"; };
		355A5BBF28BDCF6C00905348 /* Util.swift */ = {isa = PBXFileReference; lastKnownFileType = sourcecode.swift; path = Util.swift; sourceTree = "<group>"; };
		355A5BC128BDE2EC00905348 /* UserModel.swift */ = {isa = PBXFileReference; lastKnownFileType = sourcecode.swift; path = UserModel.swift; sourceTree = "<group>"; };
		355A5BC328BDE46900905348 /* ModelManager.swift */ = {isa = PBXFileReference; lastKnownFileType = sourcecode.swift; path = ModelManager.swift; sourceTree = "<group>"; };
		3561C71728BCBE0000CFE2A3 /* UsersForm8Sqlite.app */ = {isa = PBXFileReference; explicitFileType = wrapper.application; includeInIndex = 0; path = UsersForm8Sqlite.app; sourceTree = BUILT_PRODUCTS_DIR; };
		3561C71A28BCBE0000CFE2A3 /* AppDelegate.swift */ = {isa = PBXFileReference; lastKnownFileType = sourcecode.swift; path = AppDelegate.swift; sourceTree = "<group>"; };
		3561C71C28BCBE0000CFE2A3 /* SceneDelegate.swift */ = {isa = PBXFileReference; lastKnownFileType = sourcecode.swift; path = SceneDelegate.swift; sourceTree = "<group>"; };
		3561C71E28BCBE0000CFE2A3 /* UsersFormVC.swift */ = {isa = PBXFileReference; lastKnownFileType = sourcecode.swift; path = UsersFormVC.swift; sourceTree = "<group>"; };
		3561C72128BCBE0000CFE2A3 /* Base */ = {isa = PBXFileReference; lastKnownFileType = file.storyboard; name = Base; path = Base.lproj/Main.storyboard; sourceTree = "<group>"; };
		3561C72328BCBE0300CFE2A3 /* Assets.xcassets */ = {isa = PBXFileReference; lastKnownFileType = folder.assetcatalog; path = Assets.xcassets; sourceTree = "<group>"; };
		3561C72628BCBE0300CFE2A3 /* Base */ = {isa = PBXFileReference; lastKnownFileType = file.storyboard; name = Base; path = Base.lproj/LaunchScreen.storyboard; sourceTree = "<group>"; };
		3561C72828BCBE0300CFE2A3 /* Info.plist */ = {isa = PBXFileReference; lastKnownFileType = text.plist.xml; path = Info.plist; sourceTree = "<group>"; };
		3561C72E28BCC23300CFE2A3 /* AddUserVC.swift */ = {isa = PBXFileReference; lastKnownFileType = sourcecode.swift; path = AddUserVC.swift; sourceTree = "<group>"; };
		3561C73028BCCAB000CFE2A3 /* UsersFormCell.swift */ = {isa = PBXFileReference; lastKnownFileType = sourcecode.swift; path = UsersFormCell.swift; sourceTree = "<group>"; };
/* End PBXFileReference section */

/* Begin PBXFrameworksBuildPhase section */
		3561C71428BCBE0000CFE2A3 /* Frameworks */ = {
			isa = PBXFrameworksBuildPhase;
			buildActionMask = 2147483647;
			files = (
			);
			runOnlyForDeploymentPostprocessing = 0;
		};
/* End PBXFrameworksBuildPhase section */

/* Begin PBXGroup section */
		355A5BAD28BDCEC900905348 /* FMDB */ = {
			isa = PBXGroup;
			children = (
				355A5BB128BDCEFC00905348 /* FMDatabase.h */,
				355A5BB228BDCEFC00905348 /* FMDatabase.m */,
				355A5BB928BDCEFC00905348 /* FMDatabaseAdditions.h */,
				355A5BB728BDCEFC00905348 /* FMDatabaseAdditions.m */,
				355A5BAF28BDCEFC00905348 /* FMDatabasePool.h */,
				355A5BB428BDCEFC00905348 /* FMDatabasePool.m */,
				355A5BB028BDCEFC00905348 /* FMDatabaseQueue.h */,
				355A5BB528BDCEFC00905348 /* FMDatabaseQueue.m */,
				355A5BB828BDCEFC00905348 /* FMDB.h */,
				355A5BB328BDCEFC00905348 /* FMResultSet.h */,
				355A5BB628BDCEFC00905348 /* FMResultSet.m */,
				355A5BAE28BDCEFB00905348 /* UsersForm8Sqlite-Bridging-Header.h */,
			);
			path = FMDB;
			sourceTree = "<group>";
		};
		3561C70E28BCBE0000CFE2A3 = {
			isa = PBXGroup;
			children = (
				3561C71928BCBE0000CFE2A3 /* UsersForm8Sqlite */,
				3561C71828BCBE0000CFE2A3 /* Products */,
			);
			sourceTree = "<group>";
		};
		3561C71828BCBE0000CFE2A3 /* Products */ = {
			isa = PBXGroup;
			children = (
				3561C71728BCBE0000CFE2A3 /* UsersForm8Sqlite.app */,
			);
			name = Products;
			sourceTree = "<group>";
		};
		3561C71928BCBE0000CFE2A3 /* UsersForm8Sqlite */ = {
			isa = PBXGroup;
			children = (
				3561C71A28BCBE0000CFE2A3 /* AppDelegate.swift */,
				3561C71C28BCBE0000CFE2A3 /* SceneDelegate.swift */,
				3561C71E28BCBE0000CFE2A3 /* UsersFormVC.swift */,
				3561C73028BCCAB000CFE2A3 /* UsersFormCell.swift */,
				3561C72E28BCC23300CFE2A3 /* AddUserVC.swift */,
				355A5BAB28BDCC5C00905348 /* Sqlite.db */,
				355A5BBF28BDCF6C00905348 /* Util.swift */,
				355A5BC128BDE2EC00905348 /* UserModel.swift */,
				355A5BC328BDE46900905348 /* ModelManager.swift */,
				355A5BAD28BDCEC900905348 /* FMDB */,
				3561C72028BCBE0000CFE2A3 /* Main.storyboard */,
				3561C72328BCBE0300CFE2A3 /* Assets.xcassets */,
				3561C72528BCBE0300CFE2A3 /* LaunchScreen.storyboard */,
				3561C72828BCBE0300CFE2A3 /* Info.plist */,
			);
			path = UsersForm8Sqlite;
			sourceTree = "<group>";
		};
/* End PBXGroup section */

/* Begin PBXNativeTarget section */
		3561C71628BCBE0000CFE2A3 /* UsersForm8Sqlite */ = {
			isa = PBXNativeTarget;
			buildConfigurationList = 3561C72B28BCBE0300CFE2A3 /* Build configuration list for PBXNativeTarget "UsersForm8Sqlite" */;
			buildPhases = (
				3561C71328BCBE0000CFE2A3 /* Sources */,
				3561C71428BCBE0000CFE2A3 /* Frameworks */,
				3561C71528BCBE0000CFE2A3 /* Resources */,
			);
			buildRules = (
			);
			dependencies = (
			);
			name = UsersForm8Sqlite;
			productName = UsersForm8Sqlite;
			productReference = 3561C71728BCBE0000CFE2A3 /* UsersForm8Sqlite.app */;
			productType = "com.apple.product-type.application";
		};
/* End PBXNativeTarget section */

/* Begin PBXProject section */
		3561C70F28BCBE0000CFE2A3 /* Project object */ = {
			isa = PBXProject;
			attributes = {
				BuildIndependentTargetsInParallel = 1;
				LastSwiftUpdateCheck = 1340;
				LastUpgradeCheck = 1340;
				TargetAttributes = {
					3561C71628BCBE0000CFE2A3 = {
						CreatedOnToolsVersion = 13.4;
						LastSwiftMigration = 1340;
					};
				};
			};
			buildConfigurationList = 3561C71228BCBE0000CFE2A3 /* Build configuration list for PBXProject "UsersForm8Sqlite" */;
			compatibilityVersion = "Xcode 13.0";
			developmentRegion = en;
			hasScannedForEncodings = 0;
			knownRegions = (
				en,
				Base,
			);
			mainGroup = 3561C70E28BCBE0000CFE2A3;
			productRefGroup = 3561C71828BCBE0000CFE2A3 /* Products */;
			projectDirPath = "";
			projectRoot = "";
			targets = (
				3561C71628BCBE0000CFE2A3 /* UsersForm8Sqlite */,
			);
		};
/* End PBXProject section */

/* Begin PBXResourcesBuildPhase section */
		3561C71528BCBE0000CFE2A3 /* Resources */ = {
			isa = PBXResourcesBuildPhase;
			buildActionMask = 2147483647;
			files = (
				3561C72728BCBE0300CFE2A3 /* LaunchScreen.storyboard in Resources */,
				3561C72428BCBE0300CFE2A3 /* Assets.xcassets in Resources */,
				3561C72228BCBE0000CFE2A3 /* Main.storyboard in Resources */,
				355A5BAC28BDCC5D00905348 /* Sqlite.db in Resources */,
			);
			runOnlyForDeploymentPostprocessing = 0;
		};
/* End PBXResourcesBuildPhase section */

/* Begin PBXSourcesBuildPhase section */
		3561C71328BCBE0000CFE2A3 /* Sources */ = {
			isa = PBXSourcesBuildPhase;
			buildActionMask = 2147483647;
			files = (
				355A5BC028BDCF6C00905348 /* Util.swift in Sources */,
				3561C71F28BCBE0000CFE2A3 /* UsersFormVC.swift in Sources */,
				355A5BBC28BDCEFC00905348 /* FMDatabaseQueue.m in Sources */,
				3561C71B28BCBE0000CFE2A3 /* AppDelegate.swift in Sources */,
				3561C73128BCCAB000CFE2A3 /* UsersFormCell.swift in Sources */,
				355A5BBA28BDCEFC00905348 /* FMDatabase.m in Sources */,
				355A5BBB28BDCEFC00905348 /* FMDatabasePool.m in Sources */,
				355A5BBD28BDCEFC00905348 /* FMResultSet.m in Sources */,
				355A5BC428BDE46900905348 /* ModelManager.swift in Sources */,
				3561C71D28BCBE0000CFE2A3 /* SceneDelegate.swift in Sources */,
				3561C72F28BCC23300CFE2A3 /* AddUserVC.swift in Sources */,
				355A5BC228BDE2EC00905348 /* UserModel.swift in Sources */,
				355A5BBE28BDCEFC00905348 /* FMDatabaseAdditions.m in Sources */,
			);
			runOnlyForDeploymentPostprocessing = 0;
		};
/* End PBXSourcesBuildPhase section */

/* Begin PBXVariantGroup section */
		3561C72028BCBE0000CFE2A3 /* Main.storyboard */ = {
			isa = PBXVariantGroup;
			children = (
				3561C72128BCBE0000CFE2A3 /* Base */,
			);
			name = Main.storyboard;
			sourceTree = "<group>";
		};
		3561C72528BCBE0300CFE2A3 /* LaunchScreen.storyboard */ = {
			isa = PBXVariantGroup;
			children = (
				3561C72628BCBE0300CFE2A3 /* Base */,
			);
			name = LaunchScreen.storyboard;
			sourceTree = "<group>";
		};
/* End PBXVariantGroup section */

/* Begin XCBuildConfiguration section */
		3561C72928BCBE0300CFE2A3 /* Debug */ = {
			isa = XCBuildConfiguration;
			buildSettings = {
				ALWAYS_SEARCH_USER_PATHS = NO;
				CLANG_ANALYZER_NONNULL = YES;
				CLANG_ANALYZER_NUMBER_OBJECT_CONVERSION = YES_AGGRESSIVE;
				CLANG_CXX_LANGUAGE_STANDARD = "gnu++17";
				CLANG_ENABLE_MODULES = YES;
				CLANG_ENABLE_OBJC_ARC = YES;
				CLANG_ENABLE_OBJC_WEAK = YES;
				CLANG_WARN_BLOCK_CAPTURE_AUTORELEASING = YES;
				CLANG_WARN_BOOL_CONVERSION = YES;
				CLANG_WARN_COMMA = YES;
				CLANG_WARN_CONSTANT_CONVERSION = YES;
				CLANG_WARN_DEPRECATED_OBJC_IMPLEMENTATIONS = YES;
				CLANG_WARN_DIRECT_OBJC_ISA_USAGE = YES_ERROR;
				CLANG_WARN_DOCUMENTATION_COMMENTS = YES;
				CLANG_WARN_EMPTY_BODY = YES;
				CLANG_WARN_ENUM_CONVERSION = YES;
				CLANG_WARN_INFINITE_RECURSION = YES;
				CLANG_WARN_INT_CONVERSION = YES;
				CLANG_WARN_NON_LITERAL_NULL_CONVERSION = YES;
				CLANG_WARN_OBJC_IMPLICIT_RETAIN_SELF = YES;
				CLANG_WARN_OBJC_LITERAL_CONVERSION = YES;
				CLANG_WARN_OBJC_ROOT_CLASS = YES_ERROR;
				CLANG_WARN_QUOTED_INCLUDE_IN_FRAMEWORK_HEADER = YES;
				CLANG_WARN_RANGE_LOOP_ANALYSIS = YES;
				CLANG_WARN_STRICT_PROTOTYPES = YES;
				CLANG_WARN_SUSPICIOUS_MOVE = YES;
				CLANG_WARN_UNGUARDED_AVAILABILITY = YES_AGGRESSIVE;
				CLANG_WARN_UNREACHABLE_CODE = YES;
				CLANG_WARN__DUPLICATE_METHOD_MATCH = YES;
				COPY_PHASE_STRIP = NO;
				DEBUG_INFORMATION_FORMAT = dwarf;
				ENABLE_STRICT_OBJC_MSGSEND = YES;
				ENABLE_TESTABILITY = YES;
				GCC_C_LANGUAGE_STANDARD = gnu11;
				GCC_DYNAMIC_NO_PIC = NO;
				GCC_NO_COMMON_BLOCKS = YES;
				GCC_OPTIMIZATION_LEVEL = 0;
				GCC_PREPROCESSOR_DEFINITIONS = (
					"DEBUG=1",
					"$(inherited)",
				);
				GCC_WARN_64_TO_32_BIT_CONVERSION = YES;
				GCC_WARN_ABOUT_RETURN_TYPE = YES_ERROR;
				GCC_WARN_UNDECLARED_SELECTOR = YES;
				GCC_WARN_UNINITIALIZED_AUTOS = YES_AGGRESSIVE;
				GCC_WARN_UNUSED_FUNCTION = YES;
				GCC_WARN_UNUSED_VARIABLE = YES;
				IPHONEOS_DEPLOYMENT_TARGET = 15.5;
				MTL_ENABLE_DEBUG_INFO = INCLUDE_SOURCE;
				MTL_FAST_MATH = YES;
				ONLY_ACTIVE_ARCH = YES;
				SDKROOT = iphoneos;
				SWIFT_ACTIVE_COMPILATION_CONDITIONS = DEBUG;
				SWIFT_OPTIMIZATION_LEVEL = "-Onone";
			};
			name = Debug;
		};
		3561C72A28BCBE0300CFE2A3 /* Release */ = {
			isa = XCBuildConfiguration;
			buildSettings = {
				ALWAYS_SEARCH_USER_PATHS = NO;
				CLANG_ANALYZER_NONNULL = YES;
				CLANG_ANALYZER_NUMBER_OBJECT_CONVERSION = YES_AGGRESSIVE;
				CLANG_CXX_LANGUAGE_STANDARD = "gnu++17";
				CLANG_ENABLE_MODULES = YES;
				CLANG_ENABLE_OBJC_ARC = YES;
				CLANG_ENABLE_OBJC_WEAK = YES;
				CLANG_WARN_BLOCK_CAPTURE_AUTORELEASING = YES;
				CLANG_WARN_BOOL_CONVERSION = YES;
				CLANG_WARN_COMMA = YES;
				CLANG_WARN_CONSTANT_CONVERSION = YES;
				CLANG_WARN_DEPRECATED_OBJC_IMPLEMENTATIONS = YES;
				CLANG_WARN_DIRECT_OBJC_ISA_USAGE = YES_ERROR;
				CLANG_WARN_DOCUMENTATION_COMMENTS = YES;
				CLANG_WARN_EMPTY_BODY = YES;
				CLANG_WARN_ENUM_CONVERSION = YES;
				CLANG_WARN_INFINITE_RECURSION = YES;
				CLANG_WARN_INT_CONVERSION = YES;
				CLANG_WARN_NON_LITERAL_NULL_CONVERSION = YES;
				CLANG_WARN_OBJC_IMPLICIT_RETAIN_SELF = YES;
				CLANG_WARN_OBJC_LITERAL_CONVERSION = YES;
				CLANG_WARN_OBJC_ROOT_CLASS = YES_ERROR;
				CLANG_WARN_QUOTED_INCLUDE_IN_FRAMEWORK_HEADER = YES;
				CLANG_WARN_RANGE_LOOP_ANALYSIS = YES;
				CLANG_WARN_STRICT_PROTOTYPES = YES;
				CLANG_WARN_SUSPICIOUS_MOVE = YES;
				CLANG_WARN_UNGUARDED_AVAILABILITY = YES_AGGRESSIVE;
				CLANG_WARN_UNREACHABLE_CODE = YES;
				CLANG_WARN__DUPLICATE_METHOD_MATCH = YES;
				COPY_PHASE_STRIP = NO;
				DEBUG_INFORMATION_FORMAT = "dwarf-with-dsym";
				ENABLE_NS_ASSERTIONS = NO;
				ENABLE_STRICT_OBJC_MSGSEND = YES;
				GCC_C_LANGUAGE_STANDARD = gnu11;
				GCC_NO_COMMON_BLOCKS = YES;
				GCC_WARN_64_TO_32_BIT_CONVERSION = YES;
				GCC_WARN_ABOUT_RETURN_TYPE = YES_ERROR;
				GCC_WARN_UNDECLARED_SELECTOR = YES;
				GCC_WARN_UNINITIALIZED_AUTOS = YES_AGGRESSIVE;
				GCC_WARN_UNUSED_FUNCTION = YES;
				GCC_WARN_UNUSED_VARIABLE = YES;
				IPHONEOS_DEPLOYMENT_TARGET = 15.5;
				MTL_ENABLE_DEBUG_INFO = NO;
				MTL_FAST_MATH = YES;
				SDKROOT = iphoneos;
				SWIFT_COMPILATION_MODE = wholemodule;
				SWIFT_OPTIMIZATION_LEVEL = "-O";
				VALIDATE_PRODUCT = YES;
			};
			name = Release;
		};
		3561C72C28BCBE0300CFE2A3 /* Debug */ = {
			isa = XCBuildConfiguration;
			buildSettings = {
				ASSETCATALOG_COMPILER_APPICON_NAME = AppIcon;
				ASSETCATALOG_COMPILER_GLOBAL_ACCENT_COLOR_NAME = AccentColor;
				CLANG_ENABLE_MODULES = YES;
				CODE_SIGN_STYLE = Automatic;
				CURRENT_PROJECT_VERSION = 1;
				DEVELOPMENT_TEAM = N8Y5DWBJ36;
				GENERATE_INFOPLIST_FILE = YES;
				INFOPLIST_FILE = UsersForm8Sqlite/Info.plist;
				INFOPLIST_KEY_UIApplicationSupportsIndirectInputEvents = YES;
				INFOPLIST_KEY_UILaunchStoryboardName = LaunchScreen;
				INFOPLIST_KEY_UIMainStoryboardFile = Main;
				INFOPLIST_KEY_UISupportedInterfaceOrientations_iPad = "UIInterfaceOrientationPortrait UIInterfaceOrientationPortraitUpsideDown UIInterfaceOrientationLandscapeLeft UIInterfaceOrientationLandscapeRight";
				INFOPLIST_KEY_UISupportedInterfaceOrientations_iPhone = "UIInterfaceOrientationPortrait UIInterfaceOrientationLandscapeLeft UIInterfaceOrientationLandscapeRight";
				LD_RUNPATH_SEARCH_PATHS = (
					"$(inherited)",
					"@executable_path/Frameworks",
				);
				MARKETING_VERSION = 1.0;
				PRODUCT_BUNDLE_IDENTIFIER = com.youding.kh.UsersForm8Sqlite;
				PRODUCT_NAME = "$(TARGET_NAME)";
				SWIFT_EMIT_LOC_STRINGS = YES;
				SWIFT_OBJC_BRIDGING_HEADER = "UsersForm8Sqlite/FMDB/UsersForm8Sqlite-Bridging-Header.h";
				SWIFT_OPTIMIZATION_LEVEL = "-Onone";
				SWIFT_VERSION = 5.0;
				TARGETED_DEVICE_FAMILY = "1,2";
			};
			name = Debug;
		};
		3561C72D28BCBE0300CFE2A3 /* Release */ = {
			isa = XCBuildConfiguration;
			buildSettings = {
				ASSETCATALOG_COMPILER_APPICON_NAME = AppIcon;
				ASSETCATALOG_COMPILER_GLOBAL_ACCENT_COLOR_NAME = AccentColor;
				CLANG_ENABLE_MODULES = YES;
				CODE_SIGN_STYLE = Automatic;
				CURRENT_PROJECT_VERSION = 1;
				DEVELOPMENT_TEAM = N8Y5DWBJ36;
				GENERATE_INFOPLIST_FILE = YES;
				INFOPLIST_FILE = UsersForm8Sqlite/Info.plist;
				INFOPLIST_KEY_UIApplicationSupportsIndirectInputEvents = YES;
				INFOPLIST_KEY_UILaunchStoryboardName = LaunchScreen;
				INFOPLIST_KEY_UIMainStoryboardFile = Main;
				INFOPLIST_KEY_UISupportedInterfaceOrientations_iPad = "UIInterfaceOrientationPortrait UIInterfaceOrientationPortraitUpsideDown UIInterfaceOrientationLandscapeLeft UIInterfaceOrientationLandscapeRight";
				INFOPLIST_KEY_UISupportedInterfaceOrientations_iPhone = "UIInterfaceOrientationPortrait UIInterfaceOrientationLandscapeLeft UIInterfaceOrientationLandscapeRight";
				LD_RUNPATH_SEARCH_PATHS = (
					"$(inherited)",
					"@executable_path/Frameworks",
				);
				MARKETING_VERSION = 1.0;
				PRODUCT_BUNDLE_IDENTIFIER = com.youding.kh.UsersForm8Sqlite;
				PRODUCT_NAME = "$(TARGET_NAME)";
				SWIFT_EMIT_LOC_STRINGS = YES;
				SWIFT_OBJC_BRIDGING_HEADER = "UsersForm8Sqlite/FMDB/UsersForm8Sqlite-Bridging-Header.h";
				SWIFT_VERSION = 5.0;
				TARGETED_DEVICE_FAMILY = "1,2";
			};
			name = Release;
		};
/* End XCBuildConfiguration section */

/* Begin XCConfigurationList section */
		3561C71228BCBE0000CFE2A3 /* Build configuration list for PBXProject "UsersForm8Sqlite" */ = {
			isa = XCConfigurationList;
			buildConfigurations = (
				3561C72928BCBE0300CFE2A3 /* Debug */,
				3561C72A28BCBE0300CFE2A3 /* Release */,
			);
			defaultConfigurationIsVisible = 0;
			defaultConfigurationName = Release;
		};
		3561C72B28BCBE0300CFE2A3 /* Build configuration list for PBXNativeTarget "UsersForm8Sqlite" */ = {
			isa = XCConfigurationList;
			buildConfigurations = (
				3561C72C28BCBE0300CFE2A3 /* Debug */,
				3561C72D28BCBE0300CFE2A3 /* Release */,
			);
			defaultConfigurationIsVisible = 0;
			defaultConfigurationName = Release;
		};
/* End XCConfigurationList section */
	};
	rootObject = 3561C70F28BCBE0000CFE2A3 /* Project object */;
}
